// !$*UTF8*$!
{
	archiveVersion = 1;
	classes = {
	};
	objectVersion = 48;
	objects = {

/* Begin PBXBuildFile section */
		2AB511102024E72C003B1349 /* AppDelegate.m in Sources */ = {isa = PBXBuildFile; fileRef = 2AB5110F2024E72C003B1349 /* AppDelegate.m */; };
		2AB511132024E72C003B1349 /* ViewController.m in Sources */ = {isa = PBXBuildFile; fileRef = 2AB511122024E72C003B1349 /* ViewController.m */; };
		2AB511162024E72C003B1349 /* Main.storyboard in Resources */ = {isa = PBXBuildFile; fileRef = 2AB511142024E72C003B1349 /* Main.storyboard */; };
		2AB511182024E72C003B1349 /* Assets.xcassets in Resources */ = {isa = PBXBuildFile; fileRef = 2AB511172024E72C003B1349 /* Assets.xcassets */; };
		2AB5111B2024E72C003B1349 /* LaunchScreen.storyboard in Resources */ = {isa = PBXBuildFile; fileRef = 2AB511192024E72C003B1349 /* LaunchScreen.storyboard */; };
		2AB5111E2024E72C003B1349 /* main.m in Sources */ = {isa = PBXBuildFile; fileRef = 2AB5111D2024E72C003B1349 /* main.m */; };
/* End PBXBuildFile section */

/* Begin PBXFileReference section */
		2AB5110B2024E72C003B1349 /* Test GIT.app */ = {isa = PBXFileReference; explicitFileType = wrapper.application; includeInIndex = 0; path = "Test GIT.app"; sourceTree = BUILT_PRODUCTS_DIR; };
		2AB5110E2024E72C003B1349 /* AppDelegate.h */ = {isa = PBXFileReference; lastKnownFileType = sourcecode.c.h; path = AppDelegate.h; sourceTree = "<group>"; };
		2AB5110F2024E72C003B1349 /* AppDelegate.m */ = {isa = PBXFileReference; lastKnownFileType = sourcecode.c.objc; path = AppDelegate.m; sourceTree = "<group>"; };
		2AB511112024E72C003B1349 /* ViewController.h */ = {isa = PBXFileReference; lastKnownFileType = sourcecode.c.h; path = ViewController.h; sourceTree = "<group>"; };
		2AB511122024E72C003B1349 /* ViewController.m */ = {isa = PBXFileReference; lastKnownFileType = sourcecode.c.objc; path = ViewController.m; sourceTree = "<group>"; };
		2AB511152024E72C003B1349 /* Base */ = {isa = PBXFileReference; lastKnownFileType = file.storyboard; name = Base; path = Base.lproj/Main.storyboard; sourceTree = "<group>"; };
		2AB511172024E72C003B1349 /* Assets.xcassets */ = {isa = PBXFileReference; lastKnownFileType = folder.assetcatalog; path = Assets.xcassets; sourceTree = "<group>"; };
		2AB5111A2024E72C003B1349 /* Base */ = {isa = PBXFileReference; lastKnownFileType = file.storyboard; name = Base; path = Base.lproj/LaunchScreen.storyboard; sourceTree = "<group>"; };
		2AB5111C2024E72C003B1349 /* Info.plist */ = {isa = PBXFileReference; lastKnownFileType = text.plist.xml; path = Info.plist; sourceTree = "<group>"; };
		2AB5111D2024E72C003B1349 /* main.m */ = {isa = PBXFileReference; lastKnownFileType = sourcecode.c.objc; path = main.m; sourceTree = "<group>"; };
/* End PBXFileReference section */

/* Begin PBXFrameworksBuildPhase section */
		2AB511082024E72C003B1349 /* Frameworks */ = {
			isa = PBXFrameworksBuildPhase;
			buildActionMask = 2147483647;
			files = (
			);
			runOnlyForDeploymentPostprocessing = 0;
		};
/* End PBXFrameworksBuildPhase section */

/* Begin PBXGroup section */
		2AB511022024E72C003B1349 = {
			isa = PBXGroup;
			children = (
				2AB5110D2024E72C003B1349 /* Test GIT */,
				2AB5110C2024E72C003B1349 /* Products */,
			);
			sourceTree = "<group>";
		};
		2AB5110C2024E72C003B1349 /* Products */ = {
			isa = PBXGroup;
			children = (
				2AB5110B2024E72C003B1349 /* Test GIT.app */,
			);
			name = Products;
			sourceTree = "<group>";
		};
		2AB5110D2024E72C003B1349 /* Test GIT */ = {
			isa = PBXGroup;
			children = (
				2AB5110E2024E72C003B1349 /* AppDelegate.h */,
				2AB5110F2024E72C003B1349 /* AppDelegate.m */,
				2AB511112024E72C003B1349 /* ViewController.h */,
				2AB511122024E72C003B1349 /* ViewController.m */,
				2AB511142024E72C003B1349 /* Main.storyboard */,
				2AB511172024E72C003B1349 /* Assets.xcassets */,
				2AB511192024E72C003B1349 /* LaunchScreen.storyboard */,
				2AB5111C2024E72C003B1349 /* Info.plist */,
				2AB5111D2024E72C003B1349 /* main.m */,
			);
			path = "Test GIT";
			sourceTree = "<group>";
		};
/* End PBXGroup section */

/* Begin PBXNativeTarget section */
		2AB5110A2024E72C003B1349 /* Test GIT */ = {
			isa = PBXNativeTarget;
			buildConfigurationList = 2AB511212024E72C003B1349 /* Build configuration list for PBXNativeTarget "Test GIT" */;
			buildPhases = (
				2AB511072024E72C003B1349 /* Sources */,
				2AB511082024E72C003B1349 /* Frameworks */,
				2AB511092024E72C003B1349 /* Resources */,
			);
			buildRules = (
			);
			dependencies = (
			);
			name = "Test GIT";
			productName = "Test GIT";
			productReference = 2AB5110B2024E72C003B1349 /* Test GIT.app */;
			productType = "com.apple.product-type.application";
		};
/* End PBXNativeTarget section */

/* Begin PBXProject section */
		2AB511032024E72C003B1349 /* Project object */ = {
			isa = PBXProject;
			attributes = {
				LastUpgradeCheck = 0920;
				ORGANIZATIONNAME = "Reed Data Systems";
				TargetAttributes = {
					2AB5110A2024E72C003B1349 = {
						CreatedOnToolsVersion = 9.2;
						ProvisioningStyle = Automatic;
					};
				};
			};
			buildConfigurationList = 2AB511062024E72C003B1349 /* Build configuration list for PBXProject "Test GIT" */;
			compatibilityVersion = "Xcode 8.0";
			developmentRegion = en;
			hasScannedForEncodings = 0;
			knownRegions = (
				en,
				Base,
			);
			mainGroup = 2AB511022024E72C003B1349;
			productRefGroup = 2AB5110C2024E72C003B1349 /* Products */;
			projectDirPath = "";
			projectRoot = "";
			targets = (
				2AB5110A2024E72C003B1349 /* Test GIT */,
			);
		};
/* End PBXProject section */

/* Begin PBXResourcesBuildPhase section */
		2AB511092024E72C003B1349 /* Resources */ = {
			isa = PBXResourcesBuildPhase;
			buildActionMask = 2147483647;
			files = (
				2AB5111B2024E72C003B1349 /* LaunchScreen.storyboard in Resources */,
				2AB511182024E72C003B1349 /* Assets.xcassets in Resources */,
				2AB511162024E72C003B1349 /* Main.storyboard in Resources */,
			);
			runOnlyForDeploymentPostprocessing = 0;
		};
/* End PBXResourcesBuildPhase section */

/* Begin PBXSourcesBuildPhase section */
		2AB511072024E72C003B1349 /* Sources */ = {
			isa = PBXSourcesBuildPhase;
			buildActionMask = 2147483647;
			files = (
				2AB511132024E72C003B1349 /* ViewController.m in Sources */,
				2AB5111E2024E72C003B1349 /* main.m in Sources */,
				2AB511102024E72C003B1349 /* AppDelegate.m in Sources */,
			);
			runOnlyForDeploymentPostprocessing = 0;
		};
/* End PBXSourcesBuildPhase section */

/* Begin PBXVariantGroup section */
		2AB511142024E72C003B1349 /* Main.storyboard */ = {
			isa = PBXVariantGroup;
			children = (
				2AB511152024E72C003B1349 /* Base */,
			);
			name = Main.storyboard;
			sourceTree = "<group>";
		};
		2AB511192024E72C003B1349 /* LaunchScreen.storyboard */ = {
			isa = PBXVariantGroup;
			children = (
				2AB5111A2024E72C003B1349 /* Base */,
			);
			name = LaunchScreen.storyboard;
			sourceTree = "<group>";
		};
/* End PBXVariantGroup section */

/* Begin XCBuildConfiguration section */
		2AB5111F2024E72C003B1349 /* Debug */ = {
			isa = XCBuildConfiguration;
			buildSettings = {
				ALWAYS_SEARCH_USER_PATHS = NO;
				CLANG_ANALYZER_NONNULL = YES;
				CLANG_ANALYZER_NUMBER_OBJECT_CONVERSION = YES_AGGRESSIVE;
				CLANG_CXX_LANGUAGE_STANDARD = "gnu++14";
				CLANG_CXX_LIBRARY = "libc++";
				CLANG_ENABLE_MODULES = YES;
				CLANG_ENABLE_OBJC_ARC = YES;
				CLANG_WARN_BLOCK_CAPTURE_AUTORELEASING = YES;
				CLANG_WARN_BOOL_CONVERSION = YES;
				CLANG_WARN_COMMA = YES;
				CLANG_WARN_CONSTANT_CONVERSION = YES;
				CLANG_WARN_DIRECT_OBJC_ISA_USAGE = YES_ERROR;
				CLANG_WARN_DOCUMENTATION_COMMENTS = YES;
				CLANG_WARN_EMPTY_BODY = YES;
				CLANG_WARN_ENUM_CONVERSION = YES;
				CLANG_WARN_INFINITE_RECURSION = YES;
				CLANG_WARN_INT_CONVERSION = YES;
				CLANG_WARN_NON_LITERAL_NULL_CONVERSION = YES;
				CLANG_WARN_OBJC_LITERAL_CONVERSION = YES;
				CLANG_WARN_OBJC_ROOT_CLASS = YES_ERROR;
				CLANG_WARN_RANGE_LOOP_ANALYSIS = YES;
				CLANG_WARN_STRICT_PROTOTYPES = YES;
				CLANG_WARN_SUSPICIOUS_MOVE = YES;
				CLANG_WARN_UNGUARDED_AVAILABILITY = YES_AGGRESSIVE;
				CLANG_WARN_UNREACHABLE_CODE = YES;
				CLANG_WARN__DUPLICATE_METHOD_MATCH = YES;
				CODE_SIGN_IDENTITY = "iPhone Developer";
				COPY_PHASE_STRIP = NO;
				DEBUG_INFORMATION_FORMAT = dwarf;
				ENABLE_STRICT_OBJC_MSGSEND = YES;
				ENABLE_TESTABILITY = YES;
				GCC_C_LANGUAGE_STANDARD = gnu11;
				GCC_DYNAMIC_NO_PIC = NO;
				GCC_NO_COMMON_BLOCKS = YES;
				GCC_OPTIMIZATION_LEVEL = 0;
				GCC_PREPROCESSOR_DEFINITIONS = (
					"DEBUG=1",
					"$(inherited)",
				);
				GCC_WARN_64_TO_32_BIT_CONVERSION = YES;
				GCC_WARN_ABOUT_RETURN_TYPE = YES_ERROR;
				GCC_WARN_UNDECLARED_SELECTOR = YES;
				GCC_WARN_UNINITIALIZED_AUTOS = YES_AGGRESSIVE;
				GCC_WARN_UNUSED_FUNCTION = YES;
				GCC_WARN_UNUSED_VARIABLE = YES;
				IPHONEOS_DEPLOYMENT_TARGET = 11.2;
				MTL_ENABLE_DEBUG_INFO = YES;
				ONLY_ACTIVE_ARCH = YES;
				SDKROOT = iphoneos;
			};
			name = Debug;
		};
		2AB511202024E72C003B1349 /* Release */ = {
			isa = XCBuildConfiguration;
			buildSettings = {
				ALWAYS_SEARCH_USER_PATHS = NO;
				CLANG_ANALYZER_NONNULL = YES;
				CLANG_ANALYZER_NUMBER_OBJECT_CONVERSION = YES_AGGRESSIVE;
				CLANG_CXX_LANGUAGE_STANDARD = "gnu++14";
				CLANG_CXX_LIBRARY = "libc++";
				CLANG_ENABLE_MODULES = YES;
				CLANG_ENABLE_OBJC_ARC = YES;
				CLANG_WARN_BLOCK_CAPTURE_AUTORELEASING = YES;
				CLANG_WARN_BOOL_CONVERSION = YES;
				CLANG_WARN_COMMA = YES;
				CLANG_WARN_CONSTANT_CONVERSION = YES;
				CLANG_WARN_DIRECT_OBJC_ISA_USAGE = YES_ERROR;
				CLANG_WARN_DOCUMENTATION_COMMENTS = YES;
				CLANG_WARN_EMPTY_BODY = YES;
				CLANG_WARN_ENUM_CONVERSION = YES;
				CLANG_WARN_INFINITE_RECURSION = YES;
				CLANG_WARN_INT_CONVERSION = YES;
				CLANG_WARN_NON_LITERAL_NULL_CONVERSION = YES;
				CLANG_WARN_OBJC_LITERAL_CONVERSION = YES;
				CLANG_WARN_OBJC_ROOT_CLASS = YES_ERROR;
				CLANG_WARN_RANGE_LOOP_ANALYSIS = YES;
				CLANG_WARN_STRICT_PROTOTYPES = YES;
				CLANG_WARN_SUSPICIOUS_MOVE = YES;
				CLANG_WARN_UNGUARDED_AVAILABILITY = YES_AGGRESSIVE;
				CLANG_WARN_UNREACHABLE_CODE = YES;
				CLANG_WARN__DUPLICATE_METHOD_MATCH = YES;
				CODE_SIGN_IDENTITY = "iPhone Developer";
				COPY_PHASE_STRIP = NO;
				DEBUG_INFORMATION_FORMAT = "dwarf-with-dsym";
				ENABLE_NS_ASSERTIONS = NO;
				ENABLE_STRICT_OBJC_MSGSEND = YES;
				GCC_C_LANGUAGE_STANDARD = gnu11;
				GCC_NO_COMMON_BLOCKS = YES;
				GCC_WARN_64_TO_32_BIT_CONVERSION = YES;
				GCC_WARN_ABOUT_RETURN_TYPE = YES_ERROR;
				GCC_WARN_UNDECLARED_SELECTOR = YES;
				GCC_WARN_UNINITIALIZED_AUTOS = YES_AGGRESSIVE;
				GCC_WARN_UNUSED_FUNCTION = YES;
				GCC_WARN_UNUSED_VARIABLE = YES;
				IPHONEOS_DEPLOYMENT_TARGET = 11.2;
				MTL_ENABLE_DEBUG_INFO = NO;
				SDKROOT = iphoneos;
				VALIDATE_PRODUCT = YES;
			};
			name = Release;
		};
		2AB511222024E72C003B1349 /* Debug */ = {
			isa = XCBuildConfiguration;
			buildSettings = {
				ASSETCATALOG_COMPILER_APPICON_NAME = AppIcon;
				CODE_SIGN_STYLE = Automatic;
				INFOPLIST_FILE = "Test GIT/Info.plist";
				LD_RUNPATH_SEARCH_PATHS = "$(inherited) @executable_path/Frameworks";
				PRODUCT_BUNDLE_IDENTIFIER = "com.reeddatasystems.Test-GIT";
				PRODUCT_NAME = "$(TARGET_NAME)";
				TARGETED_DEVICE_FAMILY = "1,2";
			};
			name = Debug;
		};
		2AB511232024E72C003B1349 /* Release */ = {
			isa = XCBuildConfiguration;
			buildSettings = {
				ASSETCATALOG_COMPILER_APPICON_NAME = AppIcon;
				CODE_SIGN_STYLE = Automatic;
				INFOPLIST_FILE = "Test GIT/Info.plist";
				LD_RUNPATH_SEARCH_PATHS = "$(inherited) @executable_path/Frameworks";
				PRODUCT_BUNDLE_IDENTIFIER = "com.reeddatasystems.Test-GIT";
				PRODUCT_NAME = "$(TARGET_NAME)";
				TARGETED_DEVICE_FAMILY = "1,2";
			};
			name = Release;
		};
/* End XCBuildConfiguration section */

/* Begin XCConfigurationList section */
		2AB511062024E72C003B1349 /* Build configuration list for PBXProject "Test GIT" */ = {
			isa = XCConfigurationList;
			buildConfigurations = (
				2AB5111F2024E72C003B1349 /* Debug */,
				2AB511202024E72C003B1349 /* Release */,
			);
			defaultConfigurationIsVisible = 0;
			defaultConfigurationName = Release;
		};
		2AB511212024E72C003B1349 /* Build configuration list for PBXNativeTarget "Test GIT" */ = {
			isa = XCConfigurationList;
			buildConfigurations = (
				2AB511222024E72C003B1349 /* Debug */,
				2AB511232024E72C003B1349 /* Release */,
			);
			defaultConfigurationIsVisible = 0;
			defaultConfigurationName = Release;
		};
/* End XCConfigurationList section */
	};
	rootObject = 2AB511032024E72C003B1349 /* Project object */;
}
